
Microsoft Visual Studio Solution File, Format Version 12.00
# Visual Studio Version 17
VisualStudioVersion = 17.7.34221.43
MinimumVisualStudioVersion = 10.0.40219.1
Project("{FAE04EC0-301F-11D3-BF4B-00C04F79EFBC}") = "Crud_operation_Using_Ado", "Crud_operation_Using_Ado\Crud_operation_Using_Ado.csproj", "{396F4C5C-805A-4603-929F-6B1C9839D23B}"
EndProject
Global
	GlobalSection(SolutionConfigurationPlatforms) = preSolution
		Debug|Any CPU = Debug|Any CPU
		Release|Any CPU = Release|Any CPU
	EndGlobalSection
	GlobalSection(ProjectConfigurationPlatforms) = postSolution
		{396F4C5C-805A-4603-929F-6B1C9839D23B}.Debug|Any CPU.ActiveCfg = Debug|Any CPU
		{396F4C5C-805A-4603-929F-6B1C9839D23B}.Debug|Any CPU.Build.0 = Debug|Any CPU
		{396F4C5C-805A-4603-929F-6B1C9839D23B}.Release|Any CPU.ActiveCfg = Release|Any CPU
		{396F4C5C-805A-4603-929F-6B1C9839D23B}.Release|Any CPU.Build.0 = Release|Any CPU
	EndGlobalSection
	GlobalSection(SolutionProperties) = preSolution
		HideSolutionNode = FALSE
	EndGlobalSection
	GlobalSection(ExtensibilityGlobals) = postSolution
		SolutionGuid = {B93E41C2-0228-4C1B-BFE6-C20542919A39}
	EndGlobalSection
EndGlobal
